{
  "lockfile_version": "1",
  "packages": {
    "awscli2@2.31.11": {
      "last_modified": "2025-10-22T20:59:19Z",
      "resolved": "github:NixOS/nixpkgs/01b6809f7f9d1183a2b3e081f0a1e6f8f415cb09#awscli2",
      "source": "devbox-search",
      "version": "2.31.11",
      "systems": {
        "aarch64-darwin": {
          "outputs": [
            {
              "name": "out",
              "path": "/nix/store/syyl22zc917z201wa7ghwyxrmdjda8gx-awscli2-2.31.11",
              "default": true
            },
            {
              "name": "dist",
              "path": "/nix/store/rahm1y464x1mpcsyrqyqvi3jx8d133d1-awscli2-2.31.11-dist"
            }
          ],
          "store_path": "/nix/store/syyl22zc917z201wa7ghwyxrmdjda8gx-awscli2-2.31.11"
        },
        "aarch64-linux": {
          "outputs": [
            {
              "name": "out",
              "path": "/nix/store/9vvkxynqnjglw0fjn2pzwxq590a8wyhb-awscli2-2.31.11",
              "default": true
            },
            {
              "name": "dist",
              "path": "/nix/store/cvfamk3633h4x98bdgj0kgcsnbfrxv69-awscli2-2.31.11-dist"
            }
          ],
          "store_path": "/nix/store/9vvkxynqnjglw0fjn2pzwxq590a8wyhb-awscli2-2.31.11"
        },
        "x86_64-darwin": {
          "outputs": [
            {
              "name": "out",
              "path": "/nix/store/ixhf6s2qp5dy5q3ri6i3w3rm38xqp105-awscli2-2.31.11",
              "default": true
            },
            {
              "name": "dist",
              "path": "/nix/store/lrb7dygv5x0rfql77l4mj3bm7phhndgd-awscli2-2.31.11-dist"
            }
          ],
          "store_path": "/nix/store/ixhf6s2qp5dy5q3ri6i3w3rm38xqp105-awscli2-2.31.11"
        },
        "x86_64-linux": {
          "outputs": [
            {
              "name": "out",
              "path": "/nix/store/slvn0v4fab6qc8qz11h8mfzpq8avdbz7-awscli2-2.31.11",
              "default": true
            },
            {
              "name": "dist",
              "path": "/nix/store/6y2nxxa9gd3wixznaajc5xffnsxixvgp-awscli2-2.31.11-dist"
            }
          ],
          "store_path": "/nix/store/slvn0v4fab6qc8qz11h8mfzpq8avdbz7-awscli2-2.31.11"
        }
      }
    },
    "git@2.49.0": {
      "last_modified": "2025-06-20T02:24:11Z",
      "resolved": "github:NixOS/nixpkgs/076e8c6678d8c54204abcb4b1b14c366835a58bb#git",
      "source": "devbox-search",
      "version": "2.49.0",
      "systems": {
        "aarch64-darwin": {
          "outputs": [
            {
              "name": "out",
              "path": "/nix/store/ir2bhb7n3ngh0dg7p6jbhm1wa4d8gkb7-git-2.49.0",
              "default": true
            },
            {
              "name": "doc",
              "path": "/nix/store/f0bi1v08ki7pq6a4rzhjhnp5szj3940k-git-2.49.0-doc"
            }
          ],
          "store_path": "/nix/store/ir2bhb7n3ngh0dg7p6jbhm1wa4d8gkb7-git-2.49.0"
        },
        "aarch64-linux": {
          "outputs": [
            {
              "name": "out",
              "path": "/nix/store/5p8ljxbgnk31zxbz8hvrfkg1qfgiv3qi-git-2.49.0",
              "default": true
            },
            {
              "name": "debug",
              "path": "/nix/store/isw51rw1b78yw6k454m7h402k88n291w-git-2.49.0-debug"
            },
            {
              "name": "doc",
              "path": "/nix/store/hxw5vli42579b8bkxv6nq2p2z4vjvw97-git-2.49.0-doc"
            }
          ],
          "store_path": "/nix/store/5p8ljxbgnk31zxbz8hvrfkg1qfgiv3qi-git-2.49.0"
        },
        "x86_64-darwin": {
          "outputs": [
            {
              "name": "out",
              "path": "/nix/store/72qfjivfnm6kzdfbiavvici8bi3jzrs6-git-2.49.0",
              "default": true
            },
            {
              "name": "doc",
              "path": "/nix/store/900nidzjyaa0950wk104vzgb82h5wspi-git-2.49.0-doc"
            }
          ],
          "store_path": "/nix/store/72qfjivfnm6kzdfbiavvici8bi3jzrs6-git-2.49.0"
        },
        "x86_64-linux": {
          "outputs": [
            {
              "name": "out",
              "path": "/nix/store/rzqvhv48m3nh8g3j4k6jmz6yqy8apr95-git-2.49.0",
              "default": true
            },
            {
              "name": "debug",
              "path": "/nix/store/201xjz2py285323n3y7r30frdwbdnb6q-git-2.49.0-debug"
            },
            {
              "name": "doc",
              "path": "/nix/store/zcjdp82yx46w8yp1inxkkzb3a3k05a0m-git-2.49.0-doc"
            }
          ],
          "store_path": "/nix/store/rzqvhv48m3nh8g3j4k6jmz6yqy8apr95-git-2.49.0"
        }
      }
    },
    "github:NixOS/nixpkgs/nixpkgs-unstable": {
      "last_modified": "2025-07-08T22:16:38Z",
      "resolved": "github:NixOS/nixpkgs/2a2130494ad647f953593c4e84ea4df839fbd68c?lastModified=1752012998&narHash=sha256-Q82Ms%2BFQmgOBkdoSVm%2BFBpuFoeUAffNerR5yVV7SgT8%3D"
    },
    "kind@0.29.0": {
      "last_modified": "2025-06-20T02:24:11Z",
      "resolved": "github:NixOS/nixpkgs/076e8c6678d8c54204abcb4b1b14c366835a58bb#kind",
      "source": "devbox-search",
      "version": "0.29.0",
      "systems": {
        "aarch64-darwin": {
          "outputs": [
            {
              "name": "out",
              "path": "/nix/store/ndl4z2y9nsn7n5ii7hs49ddg79p2pb6a-kind-0.29.0",
              "default": true
            }
          ],
          "store_path": "/nix/store/ndl4z2y9nsn7n5ii7hs49ddg79p2pb6a-kind-0.29.0"
        },
        "aarch64-linux": {
          "outputs": [
            {
              "name": "out",
              "path": "/nix/store/j9sdb4vkf9ck1kvfy8vvn17cq3a21s6a-kind-0.29.0",
              "default": true
            }
          ],
          "store_path": "/nix/store/j9sdb4vkf9ck1kvfy8vvn17cq3a21s6a-kind-0.29.0"
        },
        "x86_64-darwin": {
          "outputs": [
            {
              "name": "out",
              "path": "/nix/store/161h1s9n2260g2lr3dsjmfczv8gjx5q9-kind-0.29.0",
              "default": true
            }
          ],
          "store_path": "/nix/store/161h1s9n2260g2lr3dsjmfczv8gjx5q9-kind-0.29.0"
        },
        "x86_64-linux": {
          "outputs": [
            {
              "name": "out",
              "path": "/nix/store/swafyrx3qn2xjdz3sp7dy8pg7bxpfn3h-kind-0.29.0",
              "default": true
            }
          ],
          "store_path": "/nix/store/swafyrx3qn2xjdz3sp7dy8pg7bxpfn3h-kind-0.29.0"
        }
      }
    },
    "kubectl@1.33.2": {
      "last_modified": "2025-06-24T02:18:21Z",
      "resolved": "github:NixOS/nixpkgs/69dfebb3d175bde602f612915c5576a41b18486b#kubectl",
      "source": "devbox-search",
      "version": "1.33.2",
      "systems": {
        "aarch64-darwin": {
          "outputs": [
            {
              "name": "out",
              "path": "/nix/store/3wkf3fdmr0fih985wfys1ww50bc3h7rw-kubectl-1.33.2",
              "default": true
            },
            {
              "name": "man",
              "path": "/nix/store/ak2m30yf18kkqmaya0ydpdjwn0zsxc4n-kubectl-1.33.2-man",
              "default": true
            },
            {
              "name": "convert",
              "path": "/nix/store/gv3hrpka75q4b7alipw8l17nfl3x8zsy-kubectl-1.33.2-convert"
            }
          ],
          "store_path": "/nix/store/3wkf3fdmr0fih985wfys1ww50bc3h7rw-kubectl-1.33.2"
        },
        "aarch64-linux": {
          "outputs": [
            {
              "name": "out",
              "path": "/nix/store/3kami7n1lmlnmsxkb9rw5wi5ifrxsspq-kubectl-1.33.2",
              "default": true
            },
            {
              "name": "man",
              "path": "/nix/store/5dks8ys8p6gxbihncwrsv14g7k57cqki-kubectl-1.33.2-man",
              "default": true
            },
            {
              "name": "convert",
              "path": "/nix/store/i6z2z31ys86fgv2d5hg1pqjkaxiz4nj4-kubectl-1.33.2-convert"
            }
          ],
          "store_path": "/nix/store/3kami7n1lmlnmsxkb9rw5wi5ifrxsspq-kubectl-1.33.2"
        },
        "x86_64-darwin": {
          "outputs": [
            {
              "name": "out",
              "path": "/nix/store/hxsqda44nbnpmmnycxj01pgaf8npdlbf-kubectl-1.33.2",
              "default": true
            },
            {
              "name": "man",
              "path": "/nix/store/hna89iqmim83bv2k7jv8rn51s1r0gn0s-kubectl-1.33.2-man",
              "default": true
            },
            {
              "name": "convert",
              "path": "/nix/store/06waawlgkz5sf3l1kmq2zghks2rh32sf-kubectl-1.33.2-convert"
            }
          ],
          "store_path": "/nix/store/hxsqda44nbnpmmnycxj01pgaf8npdlbf-kubectl-1.33.2"
        },
        "x86_64-linux": {
          "outputs": [
            {
              "name": "out",
              "path": "/nix/store/17hz4mgnd2s1x48x5plyg63q46xprywp-kubectl-1.33.2",
              "default": true
            },
            {
              "name": "man",
              "path": "/nix/store/1dlk3sma52pi5zzklqk6kgn1cq9fmlia-kubectl-1.33.2-man",
              "default": true
            },
            {
              "name": "convert",
              "path": "/nix/store/1c8nqwzjdxykbq49sgb8wpba6w2j0qx7-kubectl-1.33.2-convert"
            }
          ],
          "store_path": "/nix/store/17hz4mgnd2s1x48x5plyg63q46xprywp-kubectl-1.33.2"
        }
      }
    },
    "kubernetes-helm@3.18.3": {
      "last_modified": "2025-06-22T15:15:55Z",
      "resolved": "github:NixOS/nixpkgs/3078b9a9e75f1790e6d6ef9955fdc6a2d1740cc6#kubernetes-helm",
      "source": "devbox-search",
      "version": "3.18.3",
      "systems": {
        "aarch64-darwin": {
          "outputs": [
            {
              "name": "out",
              "path": "/nix/store/pq4scdg2cz3pxv1v8l89xsbx5ca7i48d-kubernetes-helm-3.18.3",
              "default": true
            }
          ],
          "store_path": "/nix/store/pq4scdg2cz3pxv1v8l89xsbx5ca7i48d-kubernetes-helm-3.18.3"
        },
        "aarch64-linux": {
          "outputs": [
            {
              "name": "out",
              "path": "/nix/store/v4p0yq3dc21dhh8mlws3dwlqqk74a4f8-kubernetes-helm-3.18.3",
              "default": true
            }
          ],
          "store_path": "/nix/store/v4p0yq3dc21dhh8mlws3dwlqqk74a4f8-kubernetes-helm-3.18.3"
        },
        "x86_64-darwin": {
          "outputs": [
            {
              "name": "out",
              "path": "/nix/store/6000mdd9sz6yqax9wd2qz451qj13bmip-kubernetes-helm-3.18.3",
              "default": true
            }
          ],
          "store_path": "/nix/store/6000mdd9sz6yqax9wd2qz451qj13bmip-kubernetes-helm-3.18.3"
        },
        "x86_64-linux": {
          "outputs": [
            {
              "name": "out",
              "path": "/nix/store/r1r9fz9nf0yniwqc2b51zi36cz4d7ala-kubernetes-helm-3.18.3",
              "default": true
            }
          ],
          "store_path": "/nix/store/r1r9fz9nf0yniwqc2b51zi36cz4d7ala-kubernetes-helm-3.18.3"
        }
      }
    },
    "nushell@0.105.1": {
      "last_modified": "2025-06-25T00:36:27Z",
      "resolved": "github:NixOS/nixpkgs/992f916556fcfaa94451ebc7fc6e396134bbf5b1#nushell",
      "source": "devbox-search",
      "version": "0.105.1",
      "systems": {
        "aarch64-darwin": {
          "outputs": [
            {
              "name": "out",
              "path": "/nix/store/wifbam26hxfprf6hgk6smfspb8b1p7ki-nushell-0.105.1",
              "default": true
            }
          ],
          "store_path": "/nix/store/wifbam26hxfprf6hgk6smfspb8b1p7ki-nushell-0.105.1"
        },
        "aarch64-linux": {
          "outputs": [
            {
              "name": "out",
              "path": "/nix/store/n8302m0f3d4ln30lb4waq6qb0q30xwbp-nushell-0.105.1",
              "default": true
            }
          ],
          "store_path": "/nix/store/n8302m0f3d4ln30lb4waq6qb0q30xwbp-nushell-0.105.1"
        },
        "x86_64-darwin": {
          "outputs": [
            {
              "name": "out",
              "path": "/nix/store/wplmn3avylz3cbqpkfgx2a4xl924hbsw-nushell-0.105.1",
              "default": true
            }
          ],
          "store_path": "/nix/store/wplmn3avylz3cbqpkfgx2a4xl924hbsw-nushell-0.105.1"
        },
        "x86_64-linux": {
          "outputs": [
            {
              "name": "out",
              "path": "/nix/store/1m7gi26qk2fknzhwcl3qyamxk1qngirx-nushell-0.105.1",
              "default": true
            }
          ],
          "store_path": "/nix/store/1m7gi26qk2fknzhwcl3qyamxk1qngirx-nushell-0.105.1"
        }
      }
    },
    "postgresql@17.6": {
      "last_modified": "2025-09-21T09:21:16Z",
      "plugin_version": "0.0.2",
      "resolved": "github:NixOS/nixpkgs/a1f79a1770d05af18111fbbe2a3ab2c42c0f6cd0#postgresql",
      "source": "devbox-search",
      "version": "17.6",
      "systems": {
        "aarch64-darwin": {
          "outputs": [
            {
              "name": "out",
              "path": "/nix/store/x8316kdj4hvr90zww4fzrh6iqbp2fwfv-postgresql-17.6",
              "default": true
            },
            {
              "name": "man",
              "path": "/nix/store/s8fy60163fvin1rypqp49xff5vfq8pc1-postgresql-17.6-man",
              "default": true
            },
            {
              "name": "dev",
              "path": "/nix/store/kdsy2qhdaj0drwv7bjlqrq8iwg7am4pm-postgresql-17.6-dev"
            },
            {
              "name": "plpython3",
              "path": "/nix/store/k52nrq2chmf9bcsgdl5xdxigi43cb641-postgresql-17.6-plpython3"
            },
            {
              "name": "pltcl",
              "path": "/nix/store/95s1q5ybh6g7rff0sb77963rxmzl07hb-postgresql-17.6-pltcl"
            },
            {
              "name": "doc",
              "path": "/nix/store/p598qxn9a6czkawqica9aglgpi7qk602-postgresql-17.6-doc"
            },
            {
              "name": "lib",
              "path": "/nix/store/8jvg8lb3r1r4g7fchvn71kigclgj93ss-postgresql-17.6-lib"
            },
            {
              "name": "jit",
              "path": "/nix/store/hhwgaaprw190fd4lan9c1jcayni005mc-postgresql-17.6-jit"
            },
            {
              "name": "plperl",
              "path": "/nix/store/7i8fin94kv6bsil9yfws868kfn8dsfk5-postgresql-17.6-plperl"
            }
          ],
          "store_path": "/nix/store/x8316kdj4hvr90zww4fzrh6iqbp2fwfv-postgresql-17.6"
        },
        "aarch64-linux": {
          "outputs": [
            {
              "name": "out",
              "path": "/nix/store/zdmrsczynsanljim77c5fhmlgf8lnqgr-postgresql-17.6",
              "default": true
            },
            {
              "name": "man",
              "path": "/nix/store/izkz6kkch9br4rcn3jzijds6galnswmj-postgresql-17.6-man",
              "default": true
            },
            {
              "name": "plpython3",
              "path": "/nix/store/4539wyz2xpa70ihhbsfbizqj2a4nb0qi-postgresql-17.6-plpython3"
            },
            {
              "name": "plperl",
              "path": "/nix/store/89plna3bfrlihpdl6h1nif7488j4lycw-postgresql-17.6-plperl"
            },
            {
              "name": "debug",
              "path": "/nix/store/661ssr2ma5jah0ifj0ca3pjhxz8fmgv8-postgresql-17.6-debug"
            },
            {
              "name": "dev",
              "path": "/nix/store/w9d09r1ziky5yjdpq0fb0lkpm93db6rv-postgresql-17.6-dev"
            },
            {
              "name": "jit",
              "path": "/nix/store/w856mf7gc0y81jsjppm77ww9k7l04dm6-postgresql-17.6-jit"
            },
            {
              "name": "lib",
              "path": "/nix/store/b2l7jsirdac28nsih5y1y2i6ml7khlbh-postgresql-17.6-lib"
            },
            {
              "name": "doc",
              "path": "/nix/store/bfgv1xi0r72hwy7sg2syz9mvrmm1iq6a-postgresql-17.6-doc"
            },
            {
              "name": "pltcl",
              "path": "/nix/store/kbxy78mf481232li36wvfcl2749xqlb1-postgresql-17.6-pltcl"
            }
          ],
          "store_path": "/nix/store/zdmrsczynsanljim77c5fhmlgf8lnqgr-postgresql-17.6"
        },
        "x86_64-darwin": {
          "outputs": [
            {
              "name": "out",
              "path": "/nix/store/hfq4hh6nji29lrkd2d2h499s4rnfjvxr-postgresql-17.6",
              "default": true
            },
            {
              "name": "man",
              "path": "/nix/store/iv7n6gfg8vfjghhsnc8szdpx8nljnwjr-postgresql-17.6-man",
              "default": true
            },
            {
              "name": "lib",
              "path": "/nix/store/nigqc3d59kp0mlknain2ywd1kxzhh84a-postgresql-17.6-lib"
            },
            {
              "name": "plperl",
              "path": "/nix/store/4ywicb8zvp2qv0wslisgh9khd3f3mq8y-postgresql-17.6-plperl"
            },
            {
              "name": "plpython3",
              "path": "/nix/store/fxiq5vdvb7zamdj467dn4i5jgfvwcdj3-postgresql-17.6-plpython3"
            },
            {
              "name": "pltcl",
              "path": "/nix/store/zixqyfqp3df8cjxrggyv24r2mn6q03q4-postgresql-17.6-pltcl"
            },
            {
              "name": "dev",
              "path": "/nix/store/1ln3lngxzr913r6nh3qj605x82ijc5r7-postgresql-17.6-dev"
            },
            {
              "name": "jit",
              "path": "/nix/store/rvjip61mh1a2llmhwgrd08hvsbcnb59j-postgresql-17.6-jit"
            },
            {
              "name": "doc",
              "path": "/nix/store/s6gdj1jblsimi551jaw9a0ab3r6208sl-postgresql-17.6-doc"
            }
          ],
          "store_path": "/nix/store/hfq4hh6nji29lrkd2d2h499s4rnfjvxr-postgresql-17.6"
        },
        "x86_64-linux": {
          "outputs": [
            {
              "name": "out",
              "path": "/nix/store/jq2kbdw6ljv9i47jz23pm072cfyxwpfj-postgresql-17.6",
              "default": true
            },
            {
              "name": "man",
              "path": "/nix/store/z2s4zb4kxh80v7npbin8pv27vjf5fc4k-postgresql-17.6-man",
              "default": true
            },
            {
              "name": "dev",
              "path": "/nix/store/l8m7mbvqxdi9bd5apl8s49kjpnzrcv6c-postgresql-17.6-dev"
            },
            {
              "name": "doc",
              "path": "/nix/store/dg0cwp756r82crxmdv8vzq7d7kjzi4qi-postgresql-17.6-doc"
            },
            {
              "name": "plperl",
              "path": "/nix/store/cq3zxs5dw2xy0hib0fpi70k4kack640z-postgresql-17.6-plperl"
            },
            {
              "name": "debug",
              "path": "/nix/store/hzkqv89nrdz00npy3r5ly7hi8iq6i9s4-postgresql-17.6-debug"
            },
            {
              "name": "jit",
              "path": "/nix/store/w6f1f7dxai435w963fzifbf14kxbv5s3-postgresql-17.6-jit"
            },
            {
              "name": "lib",
              "path": "/nix/store/msjxcqa4x2f52dyq10rbrbw6k0m0hi90-postgresql-17.6-lib"
            },
            {
              "name": "plpython3",
              "path": "/nix/store/sjb555ik5jrrk2gllpgcdmvwxhj5kv1v-postgresql-17.6-plpython3"
            },
            {
              "name": "pltcl",
              "path": "/nix/store/0w5sqnpakfk7qfm1yfbkwajz75pha4qj-postgresql-17.6-pltcl"
            }
          ],
          "store_path": "/nix/store/jq2kbdw6ljv9i47jz23pm072cfyxwpfj-postgresql-17.6"
        }
      }
    }
  }
}
